// !$*UTF8*$!
{
	archiveVersion = 1;
	classes = {
	};
	objectVersion = 46;
	objects = {

/* Begin PBXBuildFile section */
		2800AFA41E8CB0AC00DEAD8F /* FeedbackTextFieldDelegate.m in Sources */ = {isa = PBXBuildFile; fileRef = 2800AFA31E8CB0AC00DEAD8F /* FeedbackTextFieldDelegate.m */; };
		280880911E831913005CD9B9 /* BackgroundFetchMenu.m in Sources */ = {isa = PBXBuildFile; fileRef = 280880901E831913005CD9B9 /* BackgroundFetchMenu.m */; };
		280880941E8324B0005CD9B9 /* NMMultipeer.m in Sources */ = {isa = PBXBuildFile; fileRef = 280880931E8324B0005CD9B9 /* NMMultipeer.m */; };
		280CC7471E8A1CA900B57C30 /* InterfaceController.m in Sources */ = {isa = PBXBuildFile; fileRef = 280CC7461E8A1CA900B57C30 /* InterfaceController.m */; };
		281F6D2C1EB7EA0A00BCE9F7 /* MultipeerConnectivity.framework in Frameworks */ = {isa = PBXBuildFile; fileRef = 281F6D2B1EB7EA0A00BCE9F7 /* MultipeerConnectivity.framework */; settings = {ATTRIBUTES = (Required, ); }; };
		285E0FAB1E7236D60092A233 /* main.m in Sources */ = {isa = PBXBuildFile; fileRef = 285E0FAA1E7236D60092A233 /* main.m */; };
		285E0FAE1E7236D60092A233 /* AppDelegate.m in Sources */ = {isa = PBXBuildFile; fileRef = 285E0FAD1E7236D60092A233 /* AppDelegate.m */; };
		285E0FB71E7236D60092A233 /* Main.storyboard in Resources */ = {isa = PBXBuildFile; fileRef = 285E0FB51E7236D60092A233 /* Main.storyboard */; };
		285E0FB91E7236D60092A233 /* Assets.xcassets in Resources */ = {isa = PBXBuildFile; fileRef = 285E0FB81E7236D60092A233 /* Assets.xcassets */; };
		285E0FBC1E7236D60092A233 /* LaunchScreen.storyboard in Resources */ = {isa = PBXBuildFile; fileRef = 285E0FBA1E7236D60092A233 /* LaunchScreen.storyboard */; };
		285E0FC81E7239E40092A233 /* AllMenusTableViewController.m in Sources */ = {isa = PBXBuildFile; fileRef = 285E0FC71E7239E40092A233 /* AllMenusTableViewController.m */; };
		285E0FD11E7240C90092A233 /* ReadWriteLocalData.m in Sources */ = {isa = PBXBuildFile; fileRef = 285E0FD01E7240C90092A233 /* ReadWriteLocalData.m */; };
		285E0FD41E72464B0092A233 /* sampleMenu1.json in Resources */ = {isa = PBXBuildFile; fileRef = 285E0FD31E72464B0092A233 /* sampleMenu1.json */; };
		285E0FD71E74F30A0092A233 /* Item.m in Sources */ = {isa = PBXBuildFile; fileRef = 285E0FD61E74F30A0092A233 /* Item.m */; };
		285E0FDB1E74F3400092A233 /* Meal.m in Sources */ = {isa = PBXBuildFile; fileRef = 285E0FDA1E74F3400092A233 /* Meal.m */; };
		285E0FDE1E74F3C70092A233 /* Day.m in Sources */ = {isa = PBXBuildFile; fileRef = 285E0FDD1E74F3C70092A233 /* Day.m */; };
		285E0FE11E74F3CF0092A233 /* Week.m in Sources */ = {isa = PBXBuildFile; fileRef = 285E0FE01E74F3CF0092A233 /* Week.m */; };
		285E0FE51E76094D0092A233 /* ParseMenu.m in Sources */ = {isa = PBXBuildFile; fileRef = 285E0FE41E76094D0092A233 /* ParseMenu.m */; };
		286AF40A1E8F396600067907 /* websense-alpha-rect.png in Resources */ = {isa = PBXBuildFile; fileRef = 286AF4091E8F396600067907 /* websense-alpha-rect.png */; };
		286AF40C1E8F398400067907 /* bill-the-goat-leaping.png in Resources */ = {isa = PBXBuildFile; fileRef = 286AF40B1E8F398400067907 /* bill-the-goat-leaping.png */; };
		286AF40E1E8F398D00067907 /* cs-logo.png in Resources */ = {isa = PBXBuildFile; fileRef = 286AF40D1E8F398D00067907 /* cs-logo.png */; };
		286AF4101E8F399400067907 /* mech-e-logo.png in Resources */ = {isa = PBXBuildFile; fileRef = 286AF40F1E8F399400067907 /* mech-e-logo.png */; };
		286AF4121E8F399C00067907 /* naps-logo.png in Resources */ = {isa = PBXBuildFile; fileRef = 286AF4111E8F399C00067907 /* naps-logo.png */; };
		286AF4141E8F39A400067907 /* nimitz-logo.png in Resources */ = {isa = PBXBuildFile; fileRef = 286AF4131E8F39A400067907 /* nimitz-logo.png */; };
		286AF4161E8F39AA00067907 /* nuclear-engineering-logo.png in Resources */ = {isa = PBXBuildFile; fileRef = 286AF4151E8F39AA00067907 /* nuclear-engineering-logo.png */; };
		286AF4181E8F39B000067907 /* ocean-goat-logo.png in Resources */ = {isa = PBXBuildFile; fileRef = 286AF4171E8F39B000067907 /* ocean-goat-logo.png */; };
		286AF41A1E8F39B700067907 /* oceano-logo.png in Resources */ = {isa = PBXBuildFile; fileRef = 286AF4191E8F39B700067907 /* oceano-logo.png */; };
		286AF41C1E8F39C500067907 /* stem-logo.png in Resources */ = {isa = PBXBuildFile; fileRef = 286AF41B1E8F39C500067907 /* stem-logo.png */; };
		286AF41E1E8F39CE00067907 /* trident-logo.png in Resources */ = {isa = PBXBuildFile; fileRef = 286AF41D1E8F39CE00067907 /* trident-logo.png */; };
		286AF4201E8F3D9C00067907 /* anchor-blue-yellow.png in Resources */ = {isa = PBXBuildFile; fileRef = 286AF41F1E8F3D9C00067907 /* anchor-blue-yellow.png */; };
		286AF43C1E8F494D00067907 /* Fabric.framework in Frameworks */ = {isa = PBXBuildFile; fileRef = 286AF43A1E8F494D00067907 /* Fabric.framework */; };
		286AF43D1E8F494D00067907 /* Crashlytics.framework in Frameworks */ = {isa = PBXBuildFile; fileRef = 286AF43B1E8F494D00067907 /* Crashlytics.framework */; };
		286EBDBF1E8AADDA00B1EF2E /* WatchConnectivity.framework in Frameworks */ = {isa = PBXBuildFile; fileRef = 286EBDBE1E8AADDA00B1EF2E /* WatchConnectivity.framework */; settings = {ATTRIBUTES = (Required, ); }; };
		286EBDC41E8AAE4500B1EF2E /* DetailInterfaceController.m in Sources */ = {isa = PBXBuildFile; fileRef = 286EBDC31E8AAE4500B1EF2E /* DetailInterfaceController.m */; };
		289586ED1E777C990053A408 /* Menu.m in Sources */ = {isa = PBXBuildFile; fileRef = 289586EC1E777C990053A408 /* Menu.m */; };
		289586EF1E7780430053A408 /* sampleMenu2.json in Resources */ = {isa = PBXBuildFile; fileRef = 289586EE1E7780430053A408 /* sampleMenu2.json */; };
		289939871E7DBC4900E255A6 /* MealDetailViewController.m in Sources */ = {isa = PBXBuildFile; fileRef = 289939861E7DBC4900E255A6 /* MealDetailViewController.m */; };
		289997861E78B7BB00E87BC5 /* NextMenusTableViewController.m in Sources */ = {isa = PBXBuildFile; fileRef = 289997851E78B7BB00E87BC5 /* NextMenusTableViewController.m */; };
		28AC00281E8580E600D2988F /* NotificationCenter.framework in Frameworks */ = {isa = PBXBuildFile; fileRef = 28AC00271E8580E600D2988F /* NotificationCenter.framework */; };
		28AC002C1E8580E600D2988F /* TodayNextMenuTableViewController.m in Sources */ = {isa = PBXBuildFile; fileRef = 28AC002B1E8580E600D2988F /* TodayNextMenuTableViewController.m */; };
		28AC002F1E8580E600D2988F /* MainInterface.storyboard in Resources */ = {isa = PBXBuildFile; fileRef = 28AC002D1E8580E600D2988F /* MainInterface.storyboard */; };
		28AC00331E8580E600D2988F /* todayextension.appex in Embed App Extensions */ = {isa = PBXBuildFile; fileRef = 28AC00251E8580E600D2988F /* todayextension.appex */; settings = {ATTRIBUTES = (RemoveHeadersOnCopy, ); }; };
		28B732CD1E86228E007C2442 /* ParseMenu.m in Sources */ = {isa = PBXBuildFile; fileRef = 285E0FE41E76094D0092A233 /* ParseMenu.m */; };
		28B732CE1E862296007C2442 /* ReadWriteLocalData.m in Sources */ = {isa = PBXBuildFile; fileRef = 285E0FD01E7240C90092A233 /* ReadWriteLocalData.m */; };
		28B732CF1E862F67007C2442 /* Item.m in Sources */ = {isa = PBXBuildFile; fileRef = 285E0FD61E74F30A0092A233 /* Item.m */; };
		28B732D01E862F6A007C2442 /* Meal.m in Sources */ = {isa = PBXBuildFile; fileRef = 285E0FDA1E74F3400092A233 /* Meal.m */; };
		28B732D11E862F6C007C2442 /* Day.m in Sources */ = {isa = PBXBuildFile; fileRef = 285E0FDD1E74F3C70092A233 /* Day.m */; };
		28B732D21E862F6F007C2442 /* Week.m in Sources */ = {isa = PBXBuildFile; fileRef = 285E0FE01E74F3CF0092A233 /* Week.m */; };
		28B732D31E862F72007C2442 /* Menu.m in Sources */ = {isa = PBXBuildFile; fileRef = 289586EC1E777C990053A408 /* Menu.m */; };
		28B732D61E86A1D4007C2442 /* AllMenusDisplayTableViewController.m in Sources */ = {isa = PBXBuildFile; fileRef = 28B732D51E86A1D4007C2442 /* AllMenusDisplayTableViewController.m */; };
		28B732D91E86A43A007C2442 /* NextMenusDisplayTableViewController.m in Sources */ = {isa = PBXBuildFile; fileRef = 28B732D81E86A43A007C2442 /* NextMenusDisplayTableViewController.m */; };
		28B732DD1E8761DB007C2442 /* AllMenusDisplayTableViewController.m in Sources */ = {isa = PBXBuildFile; fileRef = 28B732D51E86A1D4007C2442 /* AllMenusDisplayTableViewController.m */; };
		28B732DE1E8761DE007C2442 /* NextMenusDisplayTableViewController.m in Sources */ = {isa = PBXBuildFile; fileRef = 28B732D81E86A43A007C2442 /* NextMenusDisplayTableViewController.m */; };
		28F549631E8D733600937C71 /* NextMealTabBarController.m in Sources */ = {isa = PBXBuildFile; fileRef = 28F549621E8D733600937C71 /* NextMealTabBarController.m */; };
		28F5498D1E8E063C00937C71 /* Messages.framework in Frameworks */ = {isa = PBXBuildFile; fileRef = 28F5498C1E8E063C00937C71 /* Messages.framework */; };
		28F549941E8E063C00937C71 /* MainInterface.storyboard in Resources */ = {isa = PBXBuildFile; fileRef = 28F549921E8E063C00937C71 /* MainInterface.storyboard */; };
		28F549961E8E063C00937C71 /* Assets.xcassets in Resources */ = {isa = PBXBuildFile; fileRef = 28F549951E8E063C00937C71 /* Assets.xcassets */; };
		28F5499A1E8E063C00937C71 /* imessageextension.appex in Embed App Extensions */ = {isa = PBXBuildFile; fileRef = 28F5498B1E8E063C00937C71 /* imessageextension.appex */; settings = {ATTRIBUTES = (RemoveHeadersOnCopy, ); }; };
		28F549A71E8E06E200937C71 /* MessagesViewController.m in Sources */ = {isa = PBXBuildFile; fileRef = 28F549A01E8E06E200937C71 /* MessagesViewController.m */; };
		28F549A81E8E06E200937C71 /* FluffcornStickerBrowserViewController.m in Sources */ = {isa = PBXBuildFile; fileRef = 28F549A21E8E06E200937C71 /* FluffcornStickerBrowserViewController.m */; };
		28F549A91E8E06E200937C71 /* StickerPackInfo.m in Sources */ = {isa = PBXBuildFile; fileRef = 28F549A41E8E06E200937C71 /* StickerPackInfo.m */; };
		28F549AA1E8E06E200937C71 /* FeedbackTextFieldDelegate.m in Sources */ = {isa = PBXBuildFile; fileRef = 28F549A61E8E06E200937C71 /* FeedbackTextFieldDelegate.m */; };
		28F549AD1E8E06EC00937C71 /* stickerPacks.json in Resources */ = {isa = PBXBuildFile; fileRef = 28F549AB1E8E06EC00937C71 /* stickerPacks.json */; };
		28F549AE1E8E06EC00937C71 /* newPacks.json in Resources */ = {isa = PBXBuildFile; fileRef = 28F549AC1E8E06EC00937C71 /* newPacks.json */; };
		28F549B11E8E06F300937C71 /* about.txt in Resources */ = {isa = PBXBuildFile; fileRef = 28F549AF1E8E06F300937C71 /* about.txt */; };
		28F549B21E8E06F300937C71 /* openSourceCredit.txt in Resources */ = {isa = PBXBuildFile; fileRef = 28F549B01E8E06F300937C71 /* openSourceCredit.txt */; };
		28F549B41E8E06FD00937C71 /* Settings.bundle in Resources */ = {isa = PBXBuildFile; fileRef = 28F549B31E8E06FD00937C71 /* Settings.bundle */; };
		28F54A221E8E0B2300937C71 /* nextmeal-logo.png in Resources */ = {isa = PBXBuildFile; fileRef = 28F54A211E8E0B2300937C71 /* nextmeal-logo.png */; };
		28F937491E89C6BE00D98267 /* ExtrasViewController.m in Sources */ = {isa = PBXBuildFile; fileRef = 28F937481E89C6BE00D98267 /* ExtrasViewController.m */; };
		28F9374B1E89C87F00D98267 /* about.txt in Resources */ = {isa = PBXBuildFile; fileRef = 28F9374A1E89C87F00D98267 /* about.txt */; };
		28F9374D1E89C8DB00D98267 /* taxi.txt in Resources */ = {isa = PBXBuildFile; fileRef = 28F9374C1E89C8DB00D98267 /* taxi.txt */; };
		28F9374F1E89CB4B00D98267 /* MapKit.framework in Frameworks */ = {isa = PBXBuildFile; fileRef = 28F9374E1E89CB4B00D98267 /* MapKit.framework */; };
		28F937511E89F99300D98267 /* Settings.bundle in Resources */ = {isa = PBXBuildFile; fileRef = 28F937501E89F99300D98267 /* Settings.bundle */; };
		28F937581E8A089000D98267 /* Interface.storyboard in Resources */ = {isa = PBXBuildFile; fileRef = 28F937561E8A089000D98267 /* Interface.storyboard */; };
		28F9375A1E8A089000D98267 /* Assets.xcassets in Resources */ = {isa = PBXBuildFile; fileRef = 28F937591E8A089000D98267 /* Assets.xcassets */; };
		28F937611E8A089000D98267 /* watchapp Extension.appex in Embed App Extensions */ = {isa = PBXBuildFile; fileRef = 28F937601E8A089000D98267 /* watchapp Extension.appex */; settings = {ATTRIBUTES = (RemoveHeadersOnCopy, ); }; };
		28F9376C1E8A089000D98267 /* ExtensionDelegate.m in Sources */ = {isa = PBXBuildFile; fileRef = 28F9376B1E8A089000D98267 /* ExtensionDelegate.m */; };
		28F9376F1E8A089000D98267 /* NotificationController.m in Sources */ = {isa = PBXBuildFile; fileRef = 28F9376E1E8A089000D98267 /* NotificationController.m */; };
		28F937721E8A089000D98267 /* ComplicationController.m in Sources */ = {isa = PBXBuildFile; fileRef = 28F937711E8A089000D98267 /* ComplicationController.m */; };
		28F937741E8A089000D98267 /* Assets.xcassets in Resources */ = {isa = PBXBuildFile; fileRef = 28F937731E8A089000D98267 /* Assets.xcassets */; };
		28F937781E8A089000D98267 /* watchapp.app in Embed Watch Content */ = {isa = PBXBuildFile; fileRef = 28F937541E8A089000D98267 /* watchapp.app */; };
		28F937861E8A0F0C00D98267 /* ItemRow.m in Sources */ = {isa = PBXBuildFile; fileRef = 28F937851E8A0F0C00D98267 /* ItemRow.m */; };
		28F9378A1E8A10BC00D98267 /* Meal.m in Sources */ = {isa = PBXBuildFile; fileRef = 285E0FDA1E74F3400092A233 /* Meal.m */; };
		28F9378B1E8A10BE00D98267 /* Item.m in Sources */ = {isa = PBXBuildFile; fileRef = 285E0FD61E74F30A0092A233 /* Item.m */; };
/* End PBXBuildFile section */

/* Begin PBXContainerItemProxy section */
		28AC00311E8580E600D2988F /* PBXContainerItemProxy */ = {
			isa = PBXContainerItemProxy;
			containerPortal = 285E0F9E1E7236D60092A233 /* Project object */;
			proxyType = 1;
			remoteGlobalIDString = 28AC00241E8580E600D2988F;
			remoteInfo = todayextension;
		};
		28F549981E8E063C00937C71 /* PBXContainerItemProxy */ = {
			isa = PBXContainerItemProxy;
			containerPortal = 285E0F9E1E7236D60092A233 /* Project object */;
			proxyType = 1;
			remoteGlobalIDString = 28F5498A1E8E063C00937C71;
			remoteInfo = imessageextension;
		};
		28F937621E8A089000D98267 /* PBXContainerItemProxy */ = {
			isa = PBXContainerItemProxy;
			containerPortal = 285E0F9E1E7236D60092A233 /* Project object */;
			proxyType = 1;
			remoteGlobalIDString = 28F9375F1E8A089000D98267;
			remoteInfo = "watchapp Extension";
		};
		28F937761E8A089000D98267 /* PBXContainerItemProxy */ = {
			isa = PBXContainerItemProxy;
			containerPortal = 285E0F9E1E7236D60092A233 /* Project object */;
			proxyType = 1;
			remoteGlobalIDString = 28F937531E8A089000D98267;
			remoteInfo = watchapp;
		};
/* End PBXContainerItemProxy section */

/* Begin PBXCopyFilesBuildPhase section */
		280880891E7F5DE0005CD9B9 /* Embed Frameworks */ = {
			isa = PBXCopyFilesBuildPhase;
			buildActionMask = 2147483647;
			dstPath = "";
			dstSubfolderSpec = 10;
			files = (
			);
			name = "Embed Frameworks";
			runOnlyForDeploymentPostprocessing = 0;
		};
		28AC00371E8580E600D2988F /* Embed App Extensions */ = {
			isa = PBXCopyFilesBuildPhase;
			buildActionMask = 2147483647;
			dstPath = "";
			dstSubfolderSpec = 13;
			files = (
				28F5499A1E8E063C00937C71 /* imessageextension.appex in Embed App Extensions */,
				28AC00331E8580E600D2988F /* todayextension.appex in Embed App Extensions */,
			);
			name = "Embed App Extensions";
			runOnlyForDeploymentPostprocessing = 0;
		};
		28F9377C1E8A089000D98267 /* Embed App Extensions */ = {
			isa = PBXCopyFilesBuildPhase;
			buildActionMask = 2147483647;
			dstPath = "";
			dstSubfolderSpec = 13;
			files = (
				28F937611E8A089000D98267 /* watchapp Extension.appex in Embed App Extensions */,
			);
			name = "Embed App Extensions";
			runOnlyForDeploymentPostprocessing = 0;
		};
		28F937801E8A089000D98267 /* Embed Watch Content */ = {
			isa = PBXCopyFilesBuildPhase;
			buildActionMask = 2147483647;
			dstPath = "$(CONTENTS_FOLDER_PATH)/Watch";
			dstSubfolderSpec = 16;
			files = (
				28F937781E8A089000D98267 /* watchapp.app in Embed Watch Content */,
			);
			name = "Embed Watch Content";
			runOnlyForDeploymentPostprocessing = 0;
		};
/* End PBXCopyFilesBuildPhase section */

/* Begin PBXFileReference section */
		2800AFA21E8CB0AC00DEAD8F /* FeedbackTextFieldDelegate.h */ = {isa = PBXFileReference; fileEncoding = 4; lastKnownFileType = sourcecode.c.h; path = FeedbackTextFieldDelegate.h; sourceTree = "<group>"; };
		2800AFA31E8CB0AC00DEAD8F /* FeedbackTextFieldDelegate.m */ = {isa = PBXFileReference; fileEncoding = 4; lastKnownFileType = sourcecode.c.objc; path = FeedbackTextFieldDelegate.m; sourceTree = "<group>"; };
		2808808F1E831913005CD9B9 /* BackgroundFetchMenu.h */ = {isa = PBXFileReference; fileEncoding = 4; lastKnownFileType = sourcecode.c.h; path = BackgroundFetchMenu.h; sourceTree = "<group>"; };
		280880901E831913005CD9B9 /* BackgroundFetchMenu.m */ = {isa = PBXFileReference; fileEncoding = 4; lastKnownFileType = sourcecode.c.objc; path = BackgroundFetchMenu.m; sourceTree = "<group>"; };
		280880921E8324B0005CD9B9 /* NMMultipeer.h */ = {isa = PBXFileReference; fileEncoding = 4; lastKnownFileType = sourcecode.c.h; path = NMMultipeer.h; sourceTree = "<group>"; };
		280880931E8324B0005CD9B9 /* NMMultipeer.m */ = {isa = PBXFileReference; fileEncoding = 4; lastKnownFileType = sourcecode.c.objc; path = NMMultipeer.m; sourceTree = "<group>"; };
		280CC7451E8A1CA900B57C30 /* InterfaceController.h */ = {isa = PBXFileReference; fileEncoding = 4; lastKnownFileType = sourcecode.c.h; path = InterfaceController.h; sourceTree = "<group>"; };
		280CC7461E8A1CA900B57C30 /* InterfaceController.m */ = {isa = PBXFileReference; fileEncoding = 4; lastKnownFileType = sourcecode.c.objc; path = InterfaceController.m; sourceTree = "<group>"; };
		281F6D2B1EB7EA0A00BCE9F7 /* MultipeerConnectivity.framework */ = {isa = PBXFileReference; lastKnownFileType = wrapper.framework; name = MultipeerConnectivity.framework; path = System/Library/Frameworks/MultipeerConnectivity.framework; sourceTree = SDKROOT; };
		285E0FA61E7236D60092A233 /* nextmeal.app */ = {isa = PBXFileReference; explicitFileType = wrapper.application; includeInIndex = 0; path = nextmeal.app; sourceTree = BUILT_PRODUCTS_DIR; };
		285E0FAA1E7236D60092A233 /* main.m */ = {isa = PBXFileReference; lastKnownFileType = sourcecode.c.objc; path = main.m; sourceTree = "<group>"; };
		285E0FAC1E7236D60092A233 /* AppDelegate.h */ = {isa = PBXFileReference; lastKnownFileType = sourcecode.c.h; path = AppDelegate.h; sourceTree = "<group>"; };
		285E0FAD1E7236D60092A233 /* AppDelegate.m */ = {isa = PBXFileReference; lastKnownFileType = sourcecode.c.objc; path = AppDelegate.m; sourceTree = "<group>"; };
		285E0FB61E7236D60092A233 /* Base */ = {isa = PBXFileReference; lastKnownFileType = file.storyboard; name = Base; path = Base.lproj/Main.storyboard; sourceTree = "<group>"; };
		285E0FB81E7236D60092A233 /* Assets.xcassets */ = {isa = PBXFileReference; lastKnownFileType = folder.assetcatalog; path = Assets.xcassets; sourceTree = "<group>"; };
		285E0FBB1E7236D60092A233 /* Base */ = {isa = PBXFileReference; lastKnownFileType = file.storyboard; name = Base; path = Base.lproj/LaunchScreen.storyboard; sourceTree = "<group>"; };
		285E0FBD1E7236D60092A233 /* Info.plist */ = {isa = PBXFileReference; lastKnownFileType = text.plist.xml; path = Info.plist; sourceTree = "<group>"; };
		285E0FC61E7239E40092A233 /* AllMenusTableViewController.h */ = {isa = PBXFileReference; fileEncoding = 4; lastKnownFileType = sourcecode.c.h; path = AllMenusTableViewController.h; sourceTree = "<group>"; };
		285E0FC71E7239E40092A233 /* AllMenusTableViewController.m */ = {isa = PBXFileReference; fileEncoding = 4; lastKnownFileType = sourcecode.c.objc; path = AllMenusTableViewController.m; sourceTree = "<group>"; };
		285E0FCC1E723A1C0092A233 /* AllMenusViewController.h */ = {isa = PBXFileReference; fileEncoding = 4; lastKnownFileType = sourcecode.c.h; path = AllMenusViewController.h; sourceTree = "<group>"; };
		285E0FCD1E723A1C0092A233 /* AllMenusViewController.m */ = {isa = PBXFileReference; fileEncoding = 4; lastKnownFileType = sourcecode.c.objc; path = AllMenusViewController.m; sourceTree = "<group>"; };
		285E0FCF1E7240C90092A233 /* ReadWriteLocalData.h */ = {isa = PBXFileReference; fileEncoding = 4; lastKnownFileType = sourcecode.c.h; path = ReadWriteLocalData.h; sourceTree = "<group>"; };
		285E0FD01E7240C90092A233 /* ReadWriteLocalData.m */ = {isa = PBXFileReference; fileEncoding = 4; lastKnownFileType = sourcecode.c.objc; path = ReadWriteLocalData.m; sourceTree = "<group>"; };
		285E0FD21E7245960092A233 /* Constants.h */ = {isa = PBXFileReference; lastKnownFileType = sourcecode.c.h; path = Constants.h; sourceTree = "<group>"; };
		285E0FD31E72464B0092A233 /* sampleMenu1.json */ = {isa = PBXFileReference; fileEncoding = 4; lastKnownFileType = text.json; path = sampleMenu1.json; sourceTree = "<group>"; };
		285E0FD51E74F30A0092A233 /* Item.h */ = {isa = PBXFileReference; fileEncoding = 4; lastKnownFileType = sourcecode.c.h; path = Item.h; sourceTree = "<group>"; };
		285E0FD61E74F30A0092A233 /* Item.m */ = {isa = PBXFileReference; fileEncoding = 4; lastKnownFileType = sourcecode.c.objc; path = Item.m; sourceTree = "<group>"; };
		285E0FD91E74F3400092A233 /* Meal.h */ = {isa = PBXFileReference; fileEncoding = 4; lastKnownFileType = sourcecode.c.h; path = Meal.h; sourceTree = "<group>"; };
		285E0FDA1E74F3400092A233 /* Meal.m */ = {isa = PBXFileReference; fileEncoding = 4; lastKnownFileType = sourcecode.c.objc; path = Meal.m; sourceTree = "<group>"; };
		285E0FDC1E74F3C70092A233 /* Day.h */ = {isa = PBXFileReference; fileEncoding = 4; lastKnownFileType = sourcecode.c.h; path = Day.h; sourceTree = "<group>"; };
		285E0FDD1E74F3C70092A233 /* Day.m */ = {isa = PBXFileReference; fileEncoding = 4; lastKnownFileType = sourcecode.c.objc; path = Day.m; sourceTree = "<group>"; };
		285E0FDF1E74F3CF0092A233 /* Week.h */ = {isa = PBXFileReference; fileEncoding = 4; lastKnownFileType = sourcecode.c.h; path = Week.h; sourceTree = "<group>"; };
		285E0FE01E74F3CF0092A233 /* Week.m */ = {isa = PBXFileReference; fileEncoding = 4; lastKnownFileType = sourcecode.c.objc; path = Week.m; sourceTree = "<group>"; };
		285E0FE31E76094D0092A233 /* ParseMenu.h */ = {isa = PBXFileReference; fileEncoding = 4; lastKnownFileType = sourcecode.c.h; path = ParseMenu.h; sourceTree = "<group>"; };
		285E0FE41E76094D0092A233 /* ParseMenu.m */ = {isa = PBXFileReference; fileEncoding = 4; lastKnownFileType = sourcecode.c.objc; path = ParseMenu.m; sourceTree = "<group>"; };
		286AF4091E8F396600067907 /* websense-alpha-rect.png */ = {isa = PBXFileReference; lastKnownFileType = image.png; path = "websense-alpha-rect.png"; sourceTree = "<group>"; };
		286AF40B1E8F398400067907 /* bill-the-goat-leaping.png */ = {isa = PBXFileReference; lastKnownFileType = image.png; path = "bill-the-goat-leaping.png"; sourceTree = "<group>"; };
		286AF40D1E8F398D00067907 /* cs-logo.png */ = {isa = PBXFileReference; lastKnownFileType = image.png; path = "cs-logo.png"; sourceTree = "<group>"; };
		286AF40F1E8F399400067907 /* mech-e-logo.png */ = {isa = PBXFileReference; lastKnownFileType = image.png; path = "mech-e-logo.png"; sourceTree = "<group>"; };
		286AF4111E8F399C00067907 /* naps-logo.png */ = {isa = PBXFileReference; lastKnownFileType = image.png; path = "naps-logo.png"; sourceTree = "<group>"; };
		286AF4131E8F39A400067907 /* nimitz-logo.png */ = {isa = PBXFileReference; lastKnownFileType = image.png; path = "nimitz-logo.png"; sourceTree = "<group>"; };
		286AF4151E8F39AA00067907 /* nuclear-engineering-logo.png */ = {isa = PBXFileReference; lastKnownFileType = image.png; path = "nuclear-engineering-logo.png"; sourceTree = "<group>"; };
		286AF4171E8F39B000067907 /* ocean-goat-logo.png */ = {isa = PBXFileReference; lastKnownFileType = image.png; path = "ocean-goat-logo.png"; sourceTree = "<group>"; };
		286AF4191E8F39B700067907 /* oceano-logo.png */ = {isa = PBXFileReference; lastKnownFileType = image.png; path = "oceano-logo.png"; sourceTree = "<group>"; };
		286AF41B1E8F39C500067907 /* stem-logo.png */ = {isa = PBXFileReference; lastKnownFileType = image.png; path = "stem-logo.png"; sourceTree = "<group>"; };
		286AF41D1E8F39CE00067907 /* trident-logo.png */ = {isa = PBXFileReference; lastKnownFileType = image.png; path = "trident-logo.png"; sourceTree = "<group>"; };
		286AF41F1E8F3D9C00067907 /* anchor-blue-yellow.png */ = {isa = PBXFileReference; lastKnownFileType = image.png; path = "anchor-blue-yellow.png"; sourceTree = "<group>"; };
		286AF43A1E8F494D00067907 /* Fabric.framework */ = {isa = PBXFileReference; lastKnownFileType = wrapper.framework; path = Fabric.framework; sourceTree = "<group>"; };
		286AF43B1E8F494D00067907 /* Crashlytics.framework */ = {isa = PBXFileReference; lastKnownFileType = wrapper.framework; path = Crashlytics.framework; sourceTree = "<group>"; };
		286AF43E1E8F4E1B00067907 /* fabric.apikey */ = {isa = PBXFileReference; fileEncoding = 4; lastKnownFileType = text; path = fabric.apikey; sourceTree = "<group>"; };
		286AF4401E8F4E2200067907 /* fabric.buildsecret */ = {isa = PBXFileReference; fileEncoding = 4; lastKnownFileType = text; path = fabric.buildsecret; sourceTree = "<group>"; };
		286EBDBE1E8AADDA00B1EF2E /* WatchConnectivity.framework */ = {isa = PBXFileReference; lastKnownFileType = wrapper.framework; name = WatchConnectivity.framework; path = System/Library/Frameworks/WatchConnectivity.framework; sourceTree = SDKROOT; };
		286EBDC21E8AAE4500B1EF2E /* DetailInterfaceController.h */ = {isa = PBXFileReference; fileEncoding = 4; lastKnownFileType = sourcecode.c.h; path = DetailInterfaceController.h; sourceTree = "<group>"; };
		286EBDC31E8AAE4500B1EF2E /* DetailInterfaceController.m */ = {isa = PBXFileReference; fileEncoding = 4; lastKnownFileType = sourcecode.c.objc; path = DetailInterfaceController.m; sourceTree = "<group>"; };
		289586EB1E777C990053A408 /* Menu.h */ = {isa = PBXFileReference; fileEncoding = 4; lastKnownFileType = sourcecode.c.h; path = Menu.h; sourceTree = "<group>"; };
		289586EC1E777C990053A408 /* Menu.m */ = {isa = PBXFileReference; fileEncoding = 4; lastKnownFileType = sourcecode.c.objc; path = Menu.m; sourceTree = "<group>"; };
		289586EE1E7780430053A408 /* sampleMenu2.json */ = {isa = PBXFileReference; fileEncoding = 4; lastKnownFileType = text.json; path = sampleMenu2.json; sourceTree = "<group>"; };
		289939851E7DBC4900E255A6 /* MealDetailViewController.h */ = {isa = PBXFileReference; fileEncoding = 4; lastKnownFileType = sourcecode.c.h; path = MealDetailViewController.h; sourceTree = "<group>"; };
		289939861E7DBC4900E255A6 /* MealDetailViewController.m */ = {isa = PBXFileReference; fileEncoding = 4; lastKnownFileType = sourcecode.c.objc; path = MealDetailViewController.m; sourceTree = "<group>"; };
		289997841E78B7BB00E87BC5 /* NextMenusTableViewController.h */ = {isa = PBXFileReference; fileEncoding = 4; lastKnownFileType = sourcecode.c.h; path = NextMenusTableViewController.h; sourceTree = "<group>"; };
		289997851E78B7BB00E87BC5 /* NextMenusTableViewController.m */ = {isa = PBXFileReference; fileEncoding = 4; lastKnownFileType = sourcecode.c.objc; path = NextMenusTableViewController.m; sourceTree = "<group>"; };
		289997881E78D3F500E87BC5 /* ParseMenuProtocol.h */ = {isa = PBXFileReference; fileEncoding = 4; lastKnownFileType = sourcecode.c.h; path = ParseMenuProtocol.h; sourceTree = "<group>"; };
		28AC00251E8580E600D2988F /* todayextension.appex */ = {isa = PBXFileReference; explicitFileType = "wrapper.app-extension"; includeInIndex = 0; path = todayextension.appex; sourceTree = BUILT_PRODUCTS_DIR; };
		28AC00271E8580E600D2988F /* NotificationCenter.framework */ = {isa = PBXFileReference; lastKnownFileType = wrapper.framework; name = NotificationCenter.framework; path = System/Library/Frameworks/NotificationCenter.framework; sourceTree = SDKROOT; };
		28AC002A1E8580E600D2988F /* TodayNextMenuTableViewController.h */ = {isa = PBXFileReference; lastKnownFileType = sourcecode.c.h; path = TodayNextMenuTableViewController.h; sourceTree = "<group>"; };
		28AC002B1E8580E600D2988F /* TodayNextMenuTableViewController.m */ = {isa = PBXFileReference; lastKnownFileType = sourcecode.c.objc; path = TodayNextMenuTableViewController.m; sourceTree = "<group>"; };
		28AC002E1E8580E600D2988F /* Base */ = {isa = PBXFileReference; lastKnownFileType = file.storyboard; name = Base; path = Base.lproj/MainInterface.storyboard; sourceTree = "<group>"; };
		28AC00301E8580E600D2988F /* Info.plist */ = {isa = PBXFileReference; lastKnownFileType = text.plist.xml; path = Info.plist; sourceTree = "<group>"; };
		28B732CB1E8618C7007C2442 /* todayextension.entitlements */ = {isa = PBXFileReference; lastKnownFileType = text.plist.entitlements; path = todayextension.entitlements; sourceTree = "<group>"; };
		28B732CC1E861919007C2442 /* nextmeal.entitlements */ = {isa = PBXFileReference; lastKnownFileType = text.plist.entitlements; path = nextmeal.entitlements; sourceTree = "<group>"; };
		28B732D41E86A1D4007C2442 /* AllMenusDisplayTableViewController.h */ = {isa = PBXFileReference; fileEncoding = 4; lastKnownFileType = sourcecode.c.h; path = AllMenusDisplayTableViewController.h; sourceTree = "<group>"; };
		28B732D51E86A1D4007C2442 /* AllMenusDisplayTableViewController.m */ = {isa = PBXFileReference; fileEncoding = 4; lastKnownFileType = sourcecode.c.objc; path = AllMenusDisplayTableViewController.m; sourceTree = "<group>"; };
		28B732D71E86A439007C2442 /* NextMenusDisplayTableViewController.h */ = {isa = PBXFileReference; fileEncoding = 4; lastKnownFileType = sourcecode.c.h; path = NextMenusDisplayTableViewController.h; sourceTree = "<group>"; };
		28B732D81E86A43A007C2442 /* NextMenusDisplayTableViewController.m */ = {isa = PBXFileReference; fileEncoding = 4; lastKnownFileType = sourcecode.c.objc; path = NextMenusDisplayTableViewController.m; sourceTree = "<group>"; };
		28B732DA1E86A72E007C2442 /* NextMenusDisplayTableViewControllerSubclass.h */ = {isa = PBXFileReference; fileEncoding = 4; lastKnownFileType = sourcecode.c.h; path = NextMenusDisplayTableViewControllerSubclass.h; sourceTree = "<group>"; };
		28B732DB1E86AA6D007C2442 /* AllMenusDisplayTableViewControllerSubclass.h */ = {isa = PBXFileReference; fileEncoding = 4; lastKnownFileType = sourcecode.c.h; path = AllMenusDisplayTableViewControllerSubclass.h; sourceTree = "<group>"; };
		28F549611E8D733600937C71 /* NextMealTabBarController.h */ = {isa = PBXFileReference; fileEncoding = 4; lastKnownFileType = sourcecode.c.h; path = NextMealTabBarController.h; sourceTree = "<group>"; };
		28F549621E8D733600937C71 /* NextMealTabBarController.m */ = {isa = PBXFileReference; fileEncoding = 4; lastKnownFileType = sourcecode.c.objc; path = NextMealTabBarController.m; sourceTree = "<group>"; };
		28F5498B1E8E063C00937C71 /* imessageextension.appex */ = {isa = PBXFileReference; explicitFileType = "wrapper.app-extension"; includeInIndex = 0; path = imessageextension.appex; sourceTree = BUILT_PRODUCTS_DIR; };
		28F5498C1E8E063C00937C71 /* Messages.framework */ = {isa = PBXFileReference; lastKnownFileType = wrapper.framework; name = Messages.framework; path = System/Library/Frameworks/Messages.framework; sourceTree = SDKROOT; };
		28F549931E8E063C00937C71 /* Base */ = {isa = PBXFileReference; lastKnownFileType = file.storyboard; name = Base; path = Base.lproj/MainInterface.storyboard; sourceTree = "<group>"; };
		28F549951E8E063C00937C71 /* Assets.xcassets */ = {isa = PBXFileReference; lastKnownFileType = folder.assetcatalog; path = Assets.xcassets; sourceTree = "<group>"; };
		28F549971E8E063C00937C71 /* Info.plist */ = {isa = PBXFileReference; lastKnownFileType = text.plist.xml; path = Info.plist; sourceTree = "<group>"; };
		28F5499E1E8E066200937C71 /* Constants.h */ = {isa = PBXFileReference; fileEncoding = 4; lastKnownFileType = sourcecode.c.h; path = Constants.h; sourceTree = "<group>"; };
		28F5499F1E8E06E200937C71 /* MessagesViewController.h */ = {isa = PBXFileReference; fileEncoding = 4; lastKnownFileType = sourcecode.c.h; path = MessagesViewController.h; sourceTree = "<group>"; };
		28F549A01E8E06E200937C71 /* MessagesViewController.m */ = {isa = PBXFileReference; fileEncoding = 4; lastKnownFileType = sourcecode.c.objc; path = MessagesViewController.m; sourceTree = "<group>"; };
		28F549A11E8E06E200937C71 /* FluffcornStickerBrowserViewController.h */ = {isa = PBXFileReference; fileEncoding = 4; lastKnownFileType = sourcecode.c.h; path = FluffcornStickerBrowserViewController.h; sourceTree = "<group>"; };
		28F549A21E8E06E200937C71 /* FluffcornStickerBrowserViewController.m */ = {isa = PBXFileReference; fileEncoding = 4; lastKnownFileType = sourcecode.c.objc; path = FluffcornStickerBrowserViewController.m; sourceTree = "<group>"; };
		28F549A31E8E06E200937C71 /* StickerPackInfo.h */ = {isa = PBXFileReference; fileEncoding = 4; lastKnownFileType = sourcecode.c.h; path = StickerPackInfo.h; sourceTree = "<group>"; };
		28F549A41E8E06E200937C71 /* StickerPackInfo.m */ = {isa = PBXFileReference; fileEncoding = 4; lastKnownFileType = sourcecode.c.objc; path = StickerPackInfo.m; sourceTree = "<group>"; };
		28F549A51E8E06E200937C71 /* FeedbackTextFieldDelegate.h */ = {isa = PBXFileReference; fileEncoding = 4; lastKnownFileType = sourcecode.c.h; path = FeedbackTextFieldDelegate.h; sourceTree = "<group>"; };
		28F549A61E8E06E200937C71 /* FeedbackTextFieldDelegate.m */ = {isa = PBXFileReference; fileEncoding = 4; lastKnownFileType = sourcecode.c.objc; path = FeedbackTextFieldDelegate.m; sourceTree = "<group>"; };
		28F549AB1E8E06EC00937C71 /* stickerPacks.json */ = {isa = PBXFileReference; fileEncoding = 4; lastKnownFileType = text.json; path = stickerPacks.json; sourceTree = "<group>"; };
		28F549AC1E8E06EC00937C71 /* newPacks.json */ = {isa = PBXFileReference; fileEncoding = 4; lastKnownFileType = text.json; path = newPacks.json; sourceTree = "<group>"; };
		28F549AF1E8E06F300937C71 /* about.txt */ = {isa = PBXFileReference; fileEncoding = 4; lastKnownFileType = text; path = about.txt; sourceTree = "<group>"; };
		28F549B01E8E06F300937C71 /* openSourceCredit.txt */ = {isa = PBXFileReference; fileEncoding = 4; lastKnownFileType = text; path = openSourceCredit.txt; sourceTree = "<group>"; };
		28F549B31E8E06FD00937C71 /* Settings.bundle */ = {isa = PBXFileReference; lastKnownFileType = "wrapper.plug-in"; path = Settings.bundle; sourceTree = "<group>"; };
		28F54A211E8E0B2300937C71 /* nextmeal-logo.png */ = {isa = PBXFileReference; lastKnownFileType = image.png; path = "nextmeal-logo.png"; sourceTree = "<group>"; };
		28F937471E89C6BE00D98267 /* ExtrasViewController.h */ = {isa = PBXFileReference; fileEncoding = 4; lastKnownFileType = sourcecode.c.h; path = ExtrasViewController.h; sourceTree = "<group>"; };
		28F937481E89C6BE00D98267 /* ExtrasViewController.m */ = {isa = PBXFileReference; fileEncoding = 4; lastKnownFileType = sourcecode.c.objc; path = ExtrasViewController.m; sourceTree = "<group>"; };
		28F9374A1E89C87F00D98267 /* about.txt */ = {isa = PBXFileReference; fileEncoding = 4; lastKnownFileType = text; path = about.txt; sourceTree = "<group>"; };
		28F9374C1E89C8DB00D98267 /* taxi.txt */ = {isa = PBXFileReference; fileEncoding = 4; lastKnownFileType = text; path = taxi.txt; sourceTree = "<group>"; };
		28F9374E1E89CB4B00D98267 /* MapKit.framework */ = {isa = PBXFileReference; lastKnownFileType = wrapper.framework; name = MapKit.framework; path = System/Library/Frameworks/MapKit.framework; sourceTree = SDKROOT; };
		28F937501E89F99300D98267 /* Settings.bundle */ = {isa = PBXFileReference; lastKnownFileType = "wrapper.plug-in"; path = Settings.bundle; sourceTree = "<group>"; };
		28F937541E8A089000D98267 /* watchapp.app */ = {isa = PBXFileReference; explicitFileType = wrapper.application; includeInIndex = 0; path = watchapp.app; sourceTree = BUILT_PRODUCTS_DIR; };
		28F937571E8A089000D98267 /* Base */ = {isa = PBXFileReference; lastKnownFileType = file.storyboard; name = Base; path = Base.lproj/Interface.storyboard; sourceTree = "<group>"; };
		28F937591E8A089000D98267 /* Assets.xcassets */ = {isa = PBXFileReference; lastKnownFileType = folder.assetcatalog; path = Assets.xcassets; sourceTree = "<group>"; };
		28F9375B1E8A089000D98267 /* Info.plist */ = {isa = PBXFileReference; lastKnownFileType = text.plist.xml; path = Info.plist; sourceTree = "<group>"; };
		28F937601E8A089000D98267 /* watchapp Extension.appex */ = {isa = PBXFileReference; explicitFileType = "wrapper.app-extension"; includeInIndex = 0; path = "watchapp Extension.appex"; sourceTree = BUILT_PRODUCTS_DIR; };
		28F937661E8A089000D98267 /* PushNotificationPayload.apns */ = {isa = PBXFileReference; lastKnownFileType = text; path = PushNotificationPayload.apns; sourceTree = "<group>"; };
		28F9376A1E8A089000D98267 /* ExtensionDelegate.h */ = {isa = PBXFileReference; lastKnownFileType = sourcecode.c.h; path = ExtensionDelegate.h; sourceTree = "<group>"; };
		28F9376B1E8A089000D98267 /* ExtensionDelegate.m */ = {isa = PBXFileReference; lastKnownFileType = sourcecode.c.objc; path = ExtensionDelegate.m; sourceTree = "<group>"; };
		28F9376D1E8A089000D98267 /* NotificationController.h */ = {isa = PBXFileReference; lastKnownFileType = sourcecode.c.h; path = NotificationController.h; sourceTree = "<group>"; };
		28F9376E1E8A089000D98267 /* NotificationController.m */ = {isa = PBXFileReference; lastKnownFileType = sourcecode.c.objc; path = NotificationController.m; sourceTree = "<group>"; };
		28F937701E8A089000D98267 /* ComplicationController.h */ = {isa = PBXFileReference; lastKnownFileType = sourcecode.c.h; path = ComplicationController.h; sourceTree = "<group>"; };
		28F937711E8A089000D98267 /* ComplicationController.m */ = {isa = PBXFileReference; lastKnownFileType = sourcecode.c.objc; path = ComplicationController.m; sourceTree = "<group>"; };
		28F937731E8A089000D98267 /* Assets.xcassets */ = {isa = PBXFileReference; lastKnownFileType = folder.assetcatalog; path = Assets.xcassets; sourceTree = "<group>"; };
		28F937751E8A089000D98267 /* Info.plist */ = {isa = PBXFileReference; lastKnownFileType = text.plist.xml; path = Info.plist; sourceTree = "<group>"; };
		28F937841E8A0F0C00D98267 /* ItemRow.h */ = {isa = PBXFileReference; fileEncoding = 4; lastKnownFileType = sourcecode.c.h; path = ItemRow.h; sourceTree = "<group>"; };
		28F937851E8A0F0C00D98267 /* ItemRow.m */ = {isa = PBXFileReference; fileEncoding = 4; lastKnownFileType = sourcecode.c.objc; path = ItemRow.m; sourceTree = "<group>"; };
/* End PBXFileReference section */

/* Begin PBXFrameworksBuildPhase section */
		285E0FA31E7236D60092A233 /* Frameworks */ = {
			isa = PBXFrameworksBuildPhase;
			buildActionMask = 2147483647;
			files = (
				281F6D2C1EB7EA0A00BCE9F7 /* MultipeerConnectivity.framework in Frameworks */,
				286EBDBF1E8AADDA00B1EF2E /* WatchConnectivity.framework in Frameworks */,
				28F9374F1E89CB4B00D98267 /* MapKit.framework in Frameworks */,
				286AF43D1E8F494D00067907 /* Crashlytics.framework in Frameworks */,
				286AF43C1E8F494D00067907 /* Fabric.framework in Frameworks */,
			);
			runOnlyForDeploymentPostprocessing = 0;
		};
		28AC00221E8580E600D2988F /* Frameworks */ = {
			isa = PBXFrameworksBuildPhase;
			buildActionMask = 2147483647;
			files = (
				28AC00281E8580E600D2988F /* NotificationCenter.framework in Frameworks */,
			);
			runOnlyForDeploymentPostprocessing = 0;
		};
		28F549881E8E063C00937C71 /* Frameworks */ = {
			isa = PBXFrameworksBuildPhase;
			buildActionMask = 2147483647;
			files = (
				28F5498D1E8E063C00937C71 /* Messages.framework in Frameworks */,
			);
			runOnlyForDeploymentPostprocessing = 0;
		};
		28F9375D1E8A089000D98267 /* Frameworks */ = {
			isa = PBXFrameworksBuildPhase;
			buildActionMask = 2147483647;
			files = (
			);
			runOnlyForDeploymentPostprocessing = 0;
		};
/* End PBXFrameworksBuildPhase section */

/* Begin PBXGroup section */
		2808808D1E82F5FF005CD9B9 /* View */ = {
			isa = PBXGroup;
			children = (
				28F549611E8D733600937C71 /* NextMealTabBarController.h */,
				28F549621E8D733600937C71 /* NextMealTabBarController.m */,
				28B732DB1E86AA6D007C2442 /* AllMenusDisplayTableViewControllerSubclass.h */,
				28B732D41E86A1D4007C2442 /* AllMenusDisplayTableViewController.h */,
				28B732D51E86A1D4007C2442 /* AllMenusDisplayTableViewController.m */,
				285E0FC61E7239E40092A233 /* AllMenusTableViewController.h */,
				285E0FC71E7239E40092A233 /* AllMenusTableViewController.m */,
				28B732DA1E86A72E007C2442 /* NextMenusDisplayTableViewControllerSubclass.h */,
				28B732D71E86A439007C2442 /* NextMenusDisplayTableViewController.h */,
				28B732D81E86A43A007C2442 /* NextMenusDisplayTableViewController.m */,
				289997841E78B7BB00E87BC5 /* NextMenusTableViewController.h */,
				289997851E78B7BB00E87BC5 /* NextMenusTableViewController.m */,
				289939851E7DBC4900E255A6 /* MealDetailViewController.h */,
				289939861E7DBC4900E255A6 /* MealDetailViewController.m */,
				28F937471E89C6BE00D98267 /* ExtrasViewController.h */,
				28F937481E89C6BE00D98267 /* ExtrasViewController.m */,
			);
			name = View;
			sourceTree = "<group>";
		};
		2808808E1E82F614005CD9B9 /* Old */ = {
			isa = PBXGroup;
			children = (
				285E0FCC1E723A1C0092A233 /* AllMenusViewController.h */,
				285E0FCD1E723A1C0092A233 /* AllMenusViewController.m */,
			);
			name = Old;
			sourceTree = "<group>";
		};
		285E0F9D1E7236D60092A233 = {
			isa = PBXGroup;
			children = (
				28F937501E89F99300D98267 /* Settings.bundle */,
				285E0FA81E7236D60092A233 /* nextmeal */,
				28AC00291E8580E600D2988F /* todayextension */,
				28F937551E8A089000D98267 /* watchapp */,
				28F937641E8A089000D98267 /* watchapp Extension */,
				28F5498E1E8E063C00937C71 /* imessageextension */,
				28AC00261E8580E600D2988F /* Frameworks */,
				285E0FA71E7236D60092A233 /* Products */,
			);
			sourceTree = "<group>";
		};
		285E0FA71E7236D60092A233 /* Products */ = {
			isa = PBXGroup;
			children = (
				285E0FA61E7236D60092A233 /* nextmeal.app */,
				28AC00251E8580E600D2988F /* todayextension.appex */,
				28F937541E8A089000D98267 /* watchapp.app */,
				28F937601E8A089000D98267 /* watchapp Extension.appex */,
				28F5498B1E8E063C00937C71 /* imessageextension.appex */,
			);
			name = Products;
			sourceTree = "<group>";
		};
		285E0FA81E7236D60092A233 /* nextmeal */ = {
			isa = PBXGroup;
			children = (
				28B732CC1E861919007C2442 /* nextmeal.entitlements */,
				285E0FAC1E7236D60092A233 /* AppDelegate.h */,
				285E0FAD1E7236D60092A233 /* AppDelegate.m */,
				285E0FD21E7245960092A233 /* Constants.h */,
				2808808D1E82F5FF005CD9B9 /* View */,
				285E0FE21E7608840092A233 /* Logic */,
				285E0FD81E74F3100092A233 /* Model */,
				2808808E1E82F614005CD9B9 /* Old */,
				289997831E78B77400E87BC5 /* Assets */,
				285E0FBD1E7236D60092A233 /* Info.plist */,
				285E0FA91E7236D60092A233 /* Supporting Files */,
			);
			path = nextmeal;
			sourceTree = "<group>";
		};
		285E0FA91E7236D60092A233 /* Supporting Files */ = {
			isa = PBXGroup;
			children = (
				285E0FAA1E7236D60092A233 /* main.m */,
			);
			name = "Supporting Files";
			sourceTree = "<group>";
		};
		285E0FD81E74F3100092A233 /* Model */ = {
			isa = PBXGroup;
			children = (
				285E0FD51E74F30A0092A233 /* Item.h */,
				285E0FD61E74F30A0092A233 /* Item.m */,
				285E0FD91E74F3400092A233 /* Meal.h */,
				285E0FDA1E74F3400092A233 /* Meal.m */,
				285E0FDC1E74F3C70092A233 /* Day.h */,
				285E0FDD1E74F3C70092A233 /* Day.m */,
				285E0FDF1E74F3CF0092A233 /* Week.h */,
				285E0FE01E74F3CF0092A233 /* Week.m */,
				289586EB1E777C990053A408 /* Menu.h */,
				289586EC1E777C990053A408 /* Menu.m */,
			);
			name = Model;
			sourceTree = "<group>";
		};
		285E0FE21E7608840092A233 /* Logic */ = {
			isa = PBXGroup;
			children = (
				285E0FCF1E7240C90092A233 /* ReadWriteLocalData.h */,
				285E0FD01E7240C90092A233 /* ReadWriteLocalData.m */,
				289997881E78D3F500E87BC5 /* ParseMenuProtocol.h */,
				285E0FE31E76094D0092A233 /* ParseMenu.h */,
				285E0FE41E76094D0092A233 /* ParseMenu.m */,
				2808808F1E831913005CD9B9 /* BackgroundFetchMenu.h */,
				280880901E831913005CD9B9 /* BackgroundFetchMenu.m */,
				280880921E8324B0005CD9B9 /* NMMultipeer.h */,
				280880931E8324B0005CD9B9 /* NMMultipeer.m */,
				2800AFA21E8CB0AC00DEAD8F /* FeedbackTextFieldDelegate.h */,
				2800AFA31E8CB0AC00DEAD8F /* FeedbackTextFieldDelegate.m */,
			);
			name = Logic;
			sourceTree = "<group>";
		};
		286AF4211E8F3DCA00067907 /* Logos */ = {
			isa = PBXGroup;
			children = (
				28F54A211E8E0B2300937C71 /* nextmeal-logo.png */,
				286AF41F1E8F3D9C00067907 /* anchor-blue-yellow.png */,
				286AF41D1E8F39CE00067907 /* trident-logo.png */,
				286AF4111E8F399C00067907 /* naps-logo.png */,
				286AF4131E8F39A400067907 /* nimitz-logo.png */,
				286AF41B1E8F39C500067907 /* stem-logo.png */,
				286AF40F1E8F399400067907 /* mech-e-logo.png */,
				286AF40D1E8F398D00067907 /* cs-logo.png */,
				286AF4191E8F39B700067907 /* oceano-logo.png */,
				286AF4151E8F39AA00067907 /* nuclear-engineering-logo.png */,
				286AF4171E8F39B000067907 /* ocean-goat-logo.png */,
				286AF40B1E8F398400067907 /* bill-the-goat-leaping.png */,
			);
			name = Logos;
			sourceTree = "<group>";
		};
		286AF4221E8F3DD100067907 /* Original */ = {
			isa = PBXGroup;
			children = (
				286AF4091E8F396600067907 /* websense-alpha-rect.png */,
			);
			name = Original;
			sourceTree = "<group>";
		};
		289997831E78B77400E87BC5 /* Assets */ = {
			isa = PBXGroup;
			children = (
				285E0FB81E7236D60092A233 /* Assets.xcassets */,
				28F9374A1E89C87F00D98267 /* about.txt */,
				28F9374C1E89C8DB00D98267 /* taxi.txt */,
				285E0FD31E72464B0092A233 /* sampleMenu1.json */,
				289586EE1E7780430053A408 /* sampleMenu2.json */,
				286AF43E1E8F4E1B00067907 /* fabric.apikey */,
				286AF4401E8F4E2200067907 /* fabric.buildsecret */,
				285E0FB51E7236D60092A233 /* Main.storyboard */,
				285E0FBA1E7236D60092A233 /* LaunchScreen.storyboard */,
			);
			name = Assets;
			sourceTree = "<group>";
		};
		28AC00261E8580E600D2988F /* Frameworks */ = {
			isa = PBXGroup;
			children = (
				281F6D2B1EB7EA0A00BCE9F7 /* MultipeerConnectivity.framework */,
				286AF43A1E8F494D00067907 /* Fabric.framework */,
				286AF43B1E8F494D00067907 /* Crashlytics.framework */,
				286EBDBE1E8AADDA00B1EF2E /* WatchConnectivity.framework */,
				28F9374E1E89CB4B00D98267 /* MapKit.framework */,
				28AC00271E8580E600D2988F /* NotificationCenter.framework */,
				28F5498C1E8E063C00937C71 /* Messages.framework */,
			);
			name = Frameworks;
			sourceTree = "<group>";
		};
		28AC00291E8580E600D2988F /* todayextension */ = {
			isa = PBXGroup;
			children = (
				28B732CB1E8618C7007C2442 /* todayextension.entitlements */,
				28AC002A1E8580E600D2988F /* TodayNextMenuTableViewController.h */,
				28AC002B1E8580E600D2988F /* TodayNextMenuTableViewController.m */,
				28AC002D1E8580E600D2988F /* MainInterface.storyboard */,
				28AC00301E8580E600D2988F /* Info.plist */,
			);
			path = todayextension;
			sourceTree = "<group>";
		};
		28F5498E1E8E063C00937C71 /* imessageextension */ = {
			isa = PBXGroup;
			children = (
				28F5499E1E8E066200937C71 /* Constants.h */,
				28F5499F1E8E06E200937C71 /* MessagesViewController.h */,
				28F549A01E8E06E200937C71 /* MessagesViewController.m */,
				28F549A11E8E06E200937C71 /* FluffcornStickerBrowserViewController.h */,
				28F549A21E8E06E200937C71 /* FluffcornStickerBrowserViewController.m */,
				28F549A31E8E06E200937C71 /* StickerPackInfo.h */,
				28F549A41E8E06E200937C71 /* StickerPackInfo.m */,
				28F549A51E8E06E200937C71 /* FeedbackTextFieldDelegate.h */,
				28F549A61E8E06E200937C71 /* FeedbackTextFieldDelegate.m */,
				28F549921E8E063C00937C71 /* MainInterface.storyboard */,
				28F549951E8E063C00937C71 /* Assets.xcassets */,
				28F549971E8E063C00937C71 /* Info.plist */,
				28F549AB1E8E06EC00937C71 /* stickerPacks.json */,
				28F549AC1E8E06EC00937C71 /* newPacks.json */,
				28F549AF1E8E06F300937C71 /* about.txt */,
				28F549B01E8E06F300937C71 /* openSourceCredit.txt */,
				28F54A201E8E072D00937C71 /* Art Assets */,
				28F549B31E8E06FD00937C71 /* Settings.bundle */,
			);
			path = imessageextension;
			sourceTree = "<group>";
		};
		28F54A201E8E072D00937C71 /* Art Assets */ = {
			isa = PBXGroup;
			children = (
				286AF4221E8F3DD100067907 /* Original */,
				286AF4211E8F3DCA00067907 /* Logos */,
			);
			name = "Art Assets";
			sourceTree = "<group>";
		};
		28F937551E8A089000D98267 /* watchapp */ = {
			isa = PBXGroup;
			children = (
				28F937561E8A089000D98267 /* Interface.storyboard */,
				28F937591E8A089000D98267 /* Assets.xcassets */,
				28F9375B1E8A089000D98267 /* Info.plist */,
			);
			path = watchapp;
			sourceTree = "<group>";
		};
		28F937641E8A089000D98267 /* watchapp Extension */ = {
			isa = PBXGroup;
			children = (
				280CC7451E8A1CA900B57C30 /* InterfaceController.h */,
				280CC7461E8A1CA900B57C30 /* InterfaceController.m */,
				286EBDC21E8AAE4500B1EF2E /* DetailInterfaceController.h */,
				286EBDC31E8AAE4500B1EF2E /* DetailInterfaceController.m */,
				28F937841E8A0F0C00D98267 /* ItemRow.h */,
				28F937851E8A0F0C00D98267 /* ItemRow.m */,
				28F9376A1E8A089000D98267 /* ExtensionDelegate.h */,
				28F9376B1E8A089000D98267 /* ExtensionDelegate.m */,
				28F9376D1E8A089000D98267 /* NotificationController.h */,
				28F9376E1E8A089000D98267 /* NotificationController.m */,
				28F937701E8A089000D98267 /* ComplicationController.h */,
				28F937711E8A089000D98267 /* ComplicationController.m */,
				28F937731E8A089000D98267 /* Assets.xcassets */,
				28F937751E8A089000D98267 /* Info.plist */,
				28F937651E8A089000D98267 /* Supporting Files */,
			);
			path = "watchapp Extension";
			sourceTree = "<group>";
		};
		28F937651E8A089000D98267 /* Supporting Files */ = {
			isa = PBXGroup;
			children = (
				28F937661E8A089000D98267 /* PushNotificationPayload.apns */,
			);
			name = "Supporting Files";
			sourceTree = "<group>";
		};
/* End PBXGroup section */

/* Begin PBXNativeTarget section */
		285E0FA51E7236D60092A233 /* nextmeal */ = {
			isa = PBXNativeTarget;
			buildConfigurationList = 285E0FC01E7236D60092A233 /* Build configuration list for PBXNativeTarget "nextmeal" */;
			buildPhases = (
				285E0FA21E7236D60092A233 /* Sources */,
				285E0FA31E7236D60092A233 /* Frameworks */,
				285E0FA41E7236D60092A233 /* Resources */,
				280880891E7F5DE0005CD9B9 /* Embed Frameworks */,
				28AC00371E8580E600D2988F /* Embed App Extensions */,
				28F937801E8A089000D98267 /* Embed Watch Content */,
				286AF4391E8F493800067907 /* ShellScript */,
			);
			buildRules = (
			);
			dependencies = (
				28AC00321E8580E600D2988F /* PBXTargetDependency */,
				28F937771E8A089000D98267 /* PBXTargetDependency */,
				28F549991E8E063C00937C71 /* PBXTargetDependency */,
			);
			name = nextmeal;
			productName = nextmeal;
			productReference = 285E0FA61E7236D60092A233 /* nextmeal.app */;
			productType = "com.apple.product-type.application";
		};
		28AC00241E8580E600D2988F /* todayextension */ = {
			isa = PBXNativeTarget;
			buildConfigurationList = 28AC00361E8580E600D2988F /* Build configuration list for PBXNativeTarget "todayextension" */;
			buildPhases = (
				28AC00211E8580E600D2988F /* Sources */,
				28AC00221E8580E600D2988F /* Frameworks */,
				28AC00231E8580E600D2988F /* Resources */,
			);
			buildRules = (
			);
			dependencies = (
			);
			name = todayextension;
			productName = todayextension;
			productReference = 28AC00251E8580E600D2988F /* todayextension.appex */;
			productType = "com.apple.product-type.app-extension";
		};
		28F5498A1E8E063C00937C71 /* imessageextension */ = {
			isa = PBXNativeTarget;
			buildConfigurationList = 28F5499B1E8E063C00937C71 /* Build configuration list for PBXNativeTarget "imessageextension" */;
			buildPhases = (
				28F549871E8E063C00937C71 /* Sources */,
				28F549881E8E063C00937C71 /* Frameworks */,
				28F549891E8E063C00937C71 /* Resources */,
			);
			buildRules = (
			);
			dependencies = (
			);
			name = imessageextension;
			productName = imessageextension;
			productReference = 28F5498B1E8E063C00937C71 /* imessageextension.appex */;
			productType = "com.apple.product-type.app-extension.messages";
		};
		28F937531E8A089000D98267 /* watchapp */ = {
			isa = PBXNativeTarget;
			buildConfigurationList = 28F9377D1E8A089000D98267 /* Build configuration list for PBXNativeTarget "watchapp" */;
			buildPhases = (
				28F937521E8A089000D98267 /* Resources */,
				28F9377C1E8A089000D98267 /* Embed App Extensions */,
			);
			buildRules = (
			);
			dependencies = (
				28F937631E8A089000D98267 /* PBXTargetDependency */,
			);
			name = watchapp;
			productName = watchapp;
			productReference = 28F937541E8A089000D98267 /* watchapp.app */;
			productType = "com.apple.product-type.application.watchapp2";
		};
		28F9375F1E8A089000D98267 /* watchapp Extension */ = {
			isa = PBXNativeTarget;
			buildConfigurationList = 28F937791E8A089000D98267 /* Build configuration list for PBXNativeTarget "watchapp Extension" */;
			buildPhases = (
				28F9375C1E8A089000D98267 /* Sources */,
				28F9375D1E8A089000D98267 /* Frameworks */,
				28F9375E1E8A089000D98267 /* Resources */,
			);
			buildRules = (
			);
			dependencies = (
			);
			name = "watchapp Extension";
			productName = "watchapp Extension";
			productReference = 28F937601E8A089000D98267 /* watchapp Extension.appex */;
			productType = "com.apple.product-type.watchkit2-extension";
		};
/* End PBXNativeTarget section */

/* Begin PBXProject section */
		285E0F9E1E7236D60092A233 /* Project object */ = {
			isa = PBXProject;
			attributes = {
				LastUpgradeCheck = 0820;
				ORGANIZATIONNAME = "Anson Liu";
				TargetAttributes = {
					285E0FA51E7236D60092A233 = {
						CreatedOnToolsVersion = 8.0;
						DevelopmentTeam = 3E2UWZ76C2;
						ProvisioningStyle = Automatic;
						SystemCapabilities = {
							com.apple.ApplicationGroups.iOS = {
								enabled = 1;
							};
							com.apple.BackgroundModes = {
								enabled = 1;
							};
						};
					};
					28AC00241E8580E600D2988F = {
						CreatedOnToolsVersion = 8.2.1;
						DevelopmentTeam = 3E2UWZ76C2;
						ProvisioningStyle = Automatic;
						SystemCapabilities = {
							com.apple.ApplicationGroups.iOS = {
								enabled = 1;
							};
						};
					};
					28F5498A1E8E063C00937C71 = {
						CreatedOnToolsVersion = 8.3;
						DevelopmentTeam = 3E2UWZ76C2;
						ProvisioningStyle = Automatic;
					};
					28F937531E8A089000D98267 = {
						CreatedOnToolsVersion = 8.2.1;
						DevelopmentTeam = 3E2UWZ76C2;
						ProvisioningStyle = Automatic;
					};
					28F9375F1E8A089000D98267 = {
						CreatedOnToolsVersion = 8.2.1;
						DevelopmentTeam = 3E2UWZ76C2;
						ProvisioningStyle = Automatic;
					};
				};
			};
			buildConfigurationList = 285E0FA11E7236D60092A233 /* Build configuration list for PBXProject "nextmeal" */;
			compatibilityVersion = "Xcode 3.2";
			developmentRegion = English;
			hasScannedForEncodings = 0;
			knownRegions = (
				en,
				Base,
			);
			mainGroup = 285E0F9D1E7236D60092A233;
			productRefGroup = 285E0FA71E7236D60092A233 /* Products */;
			projectDirPath = "";
			projectRoot = "";
			targets = (
				285E0FA51E7236D60092A233 /* nextmeal */,
				28AC00241E8580E600D2988F /* todayextension */,
				28F937531E8A089000D98267 /* watchapp */,
				28F9375F1E8A089000D98267 /* watchapp Extension */,
				28F5498A1E8E063C00937C71 /* imessageextension */,
			);
		};
/* End PBXProject section */

/* Begin PBXResourcesBuildPhase section */
		285E0FA41E7236D60092A233 /* Resources */ = {
			isa = PBXResourcesBuildPhase;
			buildActionMask = 2147483647;
			files = (
				28F937511E89F99300D98267 /* Settings.bundle in Resources */,
				285E0FD41E72464B0092A233 /* sampleMenu1.json in Resources */,
				285E0FBC1E7236D60092A233 /* LaunchScreen.storyboard in Resources */,
				285E0FB91E7236D60092A233 /* Assets.xcassets in Resources */,
				28F9374B1E89C87F00D98267 /* about.txt in Resources */,
				28F9374D1E89C8DB00D98267 /* taxi.txt in Resources */,
				285E0FB71E7236D60092A233 /* Main.storyboard in Resources */,
				289586EF1E7780430053A408 /* sampleMenu2.json in Resources */,
			);
			runOnlyForDeploymentPostprocessing = 0;
		};
		28AC00231E8580E600D2988F /* Resources */ = {
			isa = PBXResourcesBuildPhase;
			buildActionMask = 2147483647;
			files = (
				28AC002F1E8580E600D2988F /* MainInterface.storyboard in Resources */,
			);
			runOnlyForDeploymentPostprocessing = 0;
		};
		28F549891E8E063C00937C71 /* Resources */ = {
			isa = PBXResourcesBuildPhase;
			buildActionMask = 2147483647;
			files = (
				28F54A221E8E0B2300937C71 /* nextmeal-logo.png in Resources */,
				286AF4141E8F39A400067907 /* nimitz-logo.png in Resources */,
				286AF4181E8F39B000067907 /* ocean-goat-logo.png in Resources */,
				28F549961E8E063C00937C71 /* Assets.xcassets in Resources */,
				28F549AE1E8E06EC00937C71 /* newPacks.json in Resources */,
				286AF40E1E8F398D00067907 /* cs-logo.png in Resources */,
				28F549B11E8E06F300937C71 /* about.txt in Resources */,
				286AF40C1E8F398400067907 /* bill-the-goat-leaping.png in Resources */,
				286AF40A1E8F396600067907 /* websense-alpha-rect.png in Resources */,
				286AF4101E8F399400067907 /* mech-e-logo.png in Resources */,
				286AF41A1E8F39B700067907 /* oceano-logo.png in Resources */,
				286AF41C1E8F39C500067907 /* stem-logo.png in Resources */,
				28F549AD1E8E06EC00937C71 /* stickerPacks.json in Resources */,
				286AF4121E8F399C00067907 /* naps-logo.png in Resources */,
				286AF4161E8F39AA00067907 /* nuclear-engineering-logo.png in Resources */,
				28F549B21E8E06F300937C71 /* openSourceCredit.txt in Resources */,
				28F549941E8E063C00937C71 /* MainInterface.storyboard in Resources */,
				28F549B41E8E06FD00937C71 /* Settings.bundle in Resources */,
				286AF4201E8F3D9C00067907 /* anchor-blue-yellow.png in Resources */,
				286AF41E1E8F39CE00067907 /* trident-logo.png in Resources */,
			);
			runOnlyForDeploymentPostprocessing = 0;
		};
		28F937521E8A089000D98267 /* Resources */ = {
			isa = PBXResourcesBuildPhase;
			buildActionMask = 2147483647;
			files = (
				28F9375A1E8A089000D98267 /* Assets.xcassets in Resources */,
				28F937581E8A089000D98267 /* Interface.storyboard in Resources */,
			);
			runOnlyForDeploymentPostprocessing = 0;
		};
		28F9375E1E8A089000D98267 /* Resources */ = {
			isa = PBXResourcesBuildPhase;
			buildActionMask = 2147483647;
			files = (
				28F937741E8A089000D98267 /* Assets.xcassets in Resources */,
			);
			runOnlyForDeploymentPostprocessing = 0;
		};
/* End PBXResourcesBuildPhase section */

/* Begin PBXShellScriptBuildPhase section */
		286AF4391E8F493800067907 /* ShellScript */ = {
			isa = PBXShellScriptBuildPhase;
			buildActionMask = 2147483647;
			files = (
			);
			inputPaths = (
			);
			outputPaths = (
			);
			runOnlyForDeploymentPostprocessing = 0;
			shellPath = /bin/sh;
			shellScript = "FABRIC_APIKEY=$(cat ${SRCROOT}/fabric.apikey)\nFABRIC_BUILDSECRET=$(cat ${SRCROOT}/fabric.buildsecret)\n${SRCROOT}/Fabric.framework/run ${FABRIC_APIKEY} ${FABRIC_BUILDSECRET}";
		};
/* End PBXShellScriptBuildPhase section */

/* Begin PBXSourcesBuildPhase section */
		285E0FA21E7236D60092A233 /* Sources */ = {
			isa = PBXSourcesBuildPhase;
			buildActionMask = 2147483647;
			files = (
				285E0FDB1E74F3400092A233 /* Meal.m in Sources */,
				28F549631E8D733600937C71 /* NextMealTabBarController.m in Sources */,
				285E0FE51E76094D0092A233 /* ParseMenu.m in Sources */,
				289586ED1E777C990053A408 /* Menu.m in Sources */,
				2800AFA41E8CB0AC00DEAD8F /* FeedbackTextFieldDelegate.m in Sources */,
				285E0FC81E7239E40092A233 /* AllMenusTableViewController.m in Sources */,
				289997861E78B7BB00E87BC5 /* NextMenusTableViewController.m in Sources */,
				289939871E7DBC4900E255A6 /* MealDetailViewController.m in Sources */,
				285E0FDE1E74F3C70092A233 /* Day.m in Sources */,
				285E0FAE1E7236D60092A233 /* AppDelegate.m in Sources */,
				280880941E8324B0005CD9B9 /* NMMultipeer.m in Sources */,
				285E0FE11E74F3CF0092A233 /* Week.m in Sources */,
				285E0FD11E7240C90092A233 /* ReadWriteLocalData.m in Sources */,
				280880911E831913005CD9B9 /* BackgroundFetchMenu.m in Sources */,
				28B732D91E86A43A007C2442 /* NextMenusDisplayTableViewController.m in Sources */,
				28B732D61E86A1D4007C2442 /* AllMenusDisplayTableViewController.m in Sources */,
				28F937491E89C6BE00D98267 /* ExtrasViewController.m in Sources */,
				285E0FD71E74F30A0092A233 /* Item.m in Sources */,
				285E0FAB1E7236D60092A233 /* main.m in Sources */,
			);
			runOnlyForDeploymentPostprocessing = 0;
		};
		28AC00211E8580E600D2988F /* Sources */ = {
			isa = PBXSourcesBuildPhase;
			buildActionMask = 2147483647;
			files = (
				28B732D11E862F6C007C2442 /* Day.m in Sources */,
				28B732DD1E8761DB007C2442 /* AllMenusDisplayTableViewController.m in Sources */,
				28B732D01E862F6A007C2442 /* Meal.m in Sources */,
				28B732CF1E862F67007C2442 /* Item.m in Sources */,
				28B732DE1E8761DE007C2442 /* NextMenusDisplayTableViewController.m in Sources */,
				28B732CE1E862296007C2442 /* ReadWriteLocalData.m in Sources */,
				28B732CD1E86228E007C2442 /* ParseMenu.m in Sources */,
				28AC002C1E8580E600D2988F /* TodayNextMenuTableViewController.m in Sources */,
				28B732D31E862F72007C2442 /* Menu.m in Sources */,
				28B732D21E862F6F007C2442 /* Week.m in Sources */,
			);
			runOnlyForDeploymentPostprocessing = 0;
		};
		28F549871E8E063C00937C71 /* Sources */ = {
			isa = PBXSourcesBuildPhase;
			buildActionMask = 2147483647;
			files = (
				28F549A91E8E06E200937C71 /* StickerPackInfo.m in Sources */,
				28F549A71E8E06E200937C71 /* MessagesViewController.m in Sources */,
				28F549A81E8E06E200937C71 /* FluffcornStickerBrowserViewController.m in Sources */,
				28F549AA1E8E06E200937C71 /* FeedbackTextFieldDelegate.m in Sources */,
			);
			runOnlyForDeploymentPostprocessing = 0;
		};
		28F9375C1E8A089000D98267 /* Sources */ = {
			isa = PBXSourcesBuildPhase;
			buildActionMask = 2147483647;
			files = (
				28F9378B1E8A10BE00D98267 /* Item.m in Sources */,
				280CC7471E8A1CA900B57C30 /* InterfaceController.m in Sources */,
				28F9376C1E8A089000D98267 /* ExtensionDelegate.m in Sources */,
				28F937721E8A089000D98267 /* ComplicationController.m in Sources */,
				28F937861E8A0F0C00D98267 /* ItemRow.m in Sources */,
				28F9376F1E8A089000D98267 /* NotificationController.m in Sources */,
				286EBDC41E8AAE4500B1EF2E /* DetailInterfaceController.m in Sources */,
				28F9378A1E8A10BC00D98267 /* Meal.m in Sources */,
			);
			runOnlyForDeploymentPostprocessing = 0;
		};
/* End PBXSourcesBuildPhase section */

/* Begin PBXTargetDependency section */
		28AC00321E8580E600D2988F /* PBXTargetDependency */ = {
			isa = PBXTargetDependency;
			target = 28AC00241E8580E600D2988F /* todayextension */;
			targetProxy = 28AC00311E8580E600D2988F /* PBXContainerItemProxy */;
		};
		28F549991E8E063C00937C71 /* PBXTargetDependency */ = {
			isa = PBXTargetDependency;
			target = 28F5498A1E8E063C00937C71 /* imessageextension */;
			targetProxy = 28F549981E8E063C00937C71 /* PBXContainerItemProxy */;
		};
		28F937631E8A089000D98267 /* PBXTargetDependency */ = {
			isa = PBXTargetDependency;
			target = 28F9375F1E8A089000D98267 /* watchapp Extension */;
			targetProxy = 28F937621E8A089000D98267 /* PBXContainerItemProxy */;
		};
		28F937771E8A089000D98267 /* PBXTargetDependency */ = {
			isa = PBXTargetDependency;
			target = 28F937531E8A089000D98267 /* watchapp */;
			targetProxy = 28F937761E8A089000D98267 /* PBXContainerItemProxy */;
		};
/* End PBXTargetDependency section */

/* Begin PBXVariantGroup section */
		285E0FB51E7236D60092A233 /* Main.storyboard */ = {
			isa = PBXVariantGroup;
			children = (
				285E0FB61E7236D60092A233 /* Base */,
			);
			name = Main.storyboard;
			sourceTree = "<group>";
		};
		285E0FBA1E7236D60092A233 /* LaunchScreen.storyboard */ = {
			isa = PBXVariantGroup;
			children = (
				285E0FBB1E7236D60092A233 /* Base */,
			);
			name = LaunchScreen.storyboard;
			sourceTree = "<group>";
		};
		28AC002D1E8580E600D2988F /* MainInterface.storyboard */ = {
			isa = PBXVariantGroup;
			children = (
				28AC002E1E8580E600D2988F /* Base */,
			);
			name = MainInterface.storyboard;
			sourceTree = "<group>";
		};
		28F549921E8E063C00937C71 /* MainInterface.storyboard */ = {
			isa = PBXVariantGroup;
			children = (
				28F549931E8E063C00937C71 /* Base */,
			);
			name = MainInterface.storyboard;
			sourceTree = "<group>";
		};
		28F937561E8A089000D98267 /* Interface.storyboard */ = {
			isa = PBXVariantGroup;
			children = (
				28F937571E8A089000D98267 /* Base */,
			);
			name = Interface.storyboard;
			sourceTree = "<group>";
		};
/* End PBXVariantGroup section */

/* Begin XCBuildConfiguration section */
		285E0FBE1E7236D60092A233 /* Debug */ = {
			isa = XCBuildConfiguration;
			buildSettings = {
				ALWAYS_SEARCH_USER_PATHS = NO;
				CLANG_ANALYZER_NONNULL = YES;
				CLANG_CXX_LANGUAGE_STANDARD = "gnu++0x";
				CLANG_CXX_LIBRARY = "libc++";
				CLANG_ENABLE_MODULES = YES;
				CLANG_ENABLE_OBJC_ARC = YES;
				CLANG_WARN_BOOL_CONVERSION = YES;
				CLANG_WARN_CONSTANT_CONVERSION = YES;
				CLANG_WARN_DIRECT_OBJC_ISA_USAGE = YES_ERROR;
				CLANG_WARN_DOCUMENTATION_COMMENTS = YES;
				CLANG_WARN_EMPTY_BODY = YES;
				CLANG_WARN_ENUM_CONVERSION = YES;
				CLANG_WARN_INFINITE_RECURSION = YES;
				CLANG_WARN_INT_CONVERSION = YES;
				CLANG_WARN_OBJC_ROOT_CLASS = YES_ERROR;
				CLANG_WARN_SUSPICIOUS_MOVE = YES;
				CLANG_WARN_SUSPICIOUS_MOVES = YES;
				CLANG_WARN_UNREACHABLE_CODE = YES;
				CLANG_WARN__DUPLICATE_METHOD_MATCH = YES;
				"CODE_SIGN_IDENTITY[sdk=iphoneos*]" = "iPhone Developer";
				COPY_PHASE_STRIP = NO;
				DEBUG_INFORMATION_FORMAT = dwarf;
				ENABLE_STRICT_OBJC_MSGSEND = YES;
				ENABLE_TESTABILITY = YES;
				GCC_C_LANGUAGE_STANDARD = gnu99;
				GCC_DYNAMIC_NO_PIC = NO;
				GCC_NO_COMMON_BLOCKS = YES;
				GCC_OPTIMIZATION_LEVEL = 0;
				GCC_PREPROCESSOR_DEFINITIONS = (
					"DEBUG=1",
					"$(inherited)",
				);
				GCC_WARN_64_TO_32_BIT_CONVERSION = YES;
				GCC_WARN_ABOUT_RETURN_TYPE = YES_ERROR;
				GCC_WARN_UNDECLARED_SELECTOR = YES;
				GCC_WARN_UNINITIALIZED_AUTOS = YES_AGGRESSIVE;
				GCC_WARN_UNUSED_FUNCTION = YES;
				GCC_WARN_UNUSED_VARIABLE = YES;
				IPHONEOS_DEPLOYMENT_TARGET = 8.0;
				MTL_ENABLE_DEBUG_INFO = YES;
				ONLY_ACTIVE_ARCH = YES;
				SDKROOT = iphoneos;
				TARGETED_DEVICE_FAMILY = "1,2";
			};
			name = Debug;
		};
		285E0FBF1E7236D60092A233 /* Release */ = {
			isa = XCBuildConfiguration;
			buildSettings = {
				ALWAYS_SEARCH_USER_PATHS = NO;
				CLANG_ANALYZER_NONNULL = YES;
				CLANG_CXX_LANGUAGE_STANDARD = "gnu++0x";
				CLANG_CXX_LIBRARY = "libc++";
				CLANG_ENABLE_MODULES = YES;
				CLANG_ENABLE_OBJC_ARC = YES;
				CLANG_WARN_BOOL_CONVERSION = YES;
				CLANG_WARN_CONSTANT_CONVERSION = YES;
				CLANG_WARN_DIRECT_OBJC_ISA_USAGE = YES_ERROR;
				CLANG_WARN_DOCUMENTATION_COMMENTS = YES;
				CLANG_WARN_EMPTY_BODY = YES;
				CLANG_WARN_ENUM_CONVERSION = YES;
				CLANG_WARN_INFINITE_RECURSION = YES;
				CLANG_WARN_INT_CONVERSION = YES;
				CLANG_WARN_OBJC_ROOT_CLASS = YES_ERROR;
				CLANG_WARN_SUSPICIOUS_MOVE = YES;
				CLANG_WARN_SUSPICIOUS_MOVES = YES;
				CLANG_WARN_UNREACHABLE_CODE = YES;
				CLANG_WARN__DUPLICATE_METHOD_MATCH = YES;
				"CODE_SIGN_IDENTITY[sdk=iphoneos*]" = "iPhone Developer";
				COPY_PHASE_STRIP = NO;
				DEBUG_INFORMATION_FORMAT = "dwarf-with-dsym";
				ENABLE_NS_ASSERTIONS = NO;
				ENABLE_STRICT_OBJC_MSGSEND = YES;
				GCC_C_LANGUAGE_STANDARD = gnu99;
				GCC_NO_COMMON_BLOCKS = YES;
				GCC_WARN_64_TO_32_BIT_CONVERSION = YES;
				GCC_WARN_ABOUT_RETURN_TYPE = YES_ERROR;
				GCC_WARN_UNDECLARED_SELECTOR = YES;
				GCC_WARN_UNINITIALIZED_AUTOS = YES_AGGRESSIVE;
				GCC_WARN_UNUSED_FUNCTION = YES;
				GCC_WARN_UNUSED_VARIABLE = YES;
				IPHONEOS_DEPLOYMENT_TARGET = 8.0;
				MTL_ENABLE_DEBUG_INFO = NO;
				SDKROOT = iphoneos;
				TARGETED_DEVICE_FAMILY = "1,2";
				VALIDATE_PRODUCT = YES;
			};
			name = Release;
		};
		285E0FC11E7236D60092A233 /* Debug */ = {
			isa = XCBuildConfiguration;
			buildSettings = {
				ASSETCATALOG_COMPILER_APPICON_NAME = AppIcon;
				CODE_SIGN_ENTITLEMENTS = nextmeal/nextmeal.entitlements;
				"CODE_SIGN_IDENTITY[sdk=iphoneos*]" = "iPhone Developer";
				DEVELOPMENT_TEAM = 3E2UWZ76C2;
				FRAMEWORK_SEARCH_PATHS = (
					"$(inherited)",
					"$(PROJECT_DIR)",
				);
				INFOPLIST_FILE = nextmeal/Info.plist;
				IPHONEOS_DEPLOYMENT_TARGET = 8.0;
				LD_RUNPATH_SEARCH_PATHS = "$(inherited) @executable_path/Frameworks";
				LIBRARY_SEARCH_PATHS = (
					"$(inherited)",
					"$(PROJECT_DIR)/Crashlytics.framework",
				);
				PRODUCT_BUNDLE_IDENTIFIER = com.apparentetch.nextmeal;
				PRODUCT_NAME = "$(TARGET_NAME)";
				PROVISIONING_PROFILE_SPECIFIER = "";
			};
			name = Debug;
		};
		285E0FC21E7236D60092A233 /* Release */ = {
			isa = XCBuildConfiguration;
			buildSettings = {
				ASSETCATALOG_COMPILER_APPICON_NAME = AppIcon;
				CODE_SIGN_ENTITLEMENTS = nextmeal/nextmeal.entitlements;
				"CODE_SIGN_IDENTITY[sdk=iphoneos*]" = "iPhone Developer";
				DEVELOPMENT_TEAM = 3E2UWZ76C2;
				FRAMEWORK_SEARCH_PATHS = (
					"$(inherited)",
					"$(PROJECT_DIR)",
				);
				INFOPLIST_FILE = nextmeal/Info.plist;
				IPHONEOS_DEPLOYMENT_TARGET = 8.0;
				LD_RUNPATH_SEARCH_PATHS = "$(inherited) @executable_path/Frameworks";
				LIBRARY_SEARCH_PATHS = (
					"$(inherited)",
					"$(PROJECT_DIR)/Crashlytics.framework",
				);
				PRODUCT_BUNDLE_IDENTIFIER = com.apparentetch.nextmeal;
				PRODUCT_NAME = "$(TARGET_NAME)";
				PROVISIONING_PROFILE_SPECIFIER = "";
			};
			name = Release;
		};
		28AC00341E8580E600D2988F /* Debug */ = {
			isa = XCBuildConfiguration;
			buildSettings = {
				CODE_SIGN_ENTITLEMENTS = todayextension/todayextension.entitlements;
				DEVELOPMENT_TEAM = 3E2UWZ76C2;
				INFOPLIST_FILE = todayextension/Info.plist;
				IPHONEOS_DEPLOYMENT_TARGET = 8.0;
				LD_RUNPATH_SEARCH_PATHS = "$(inherited) @executable_path/Frameworks @executable_path/../../Frameworks";
				PRODUCT_BUNDLE_IDENTIFIER = com.apparentetch.nextmeal.todayextension;
				PRODUCT_NAME = "$(TARGET_NAME)";
				SKIP_INSTALL = YES;
			};
			name = Debug;
		};
		28AC00351E8580E600D2988F /* Release */ = {
			isa = XCBuildConfiguration;
			buildSettings = {
				CODE_SIGN_ENTITLEMENTS = todayextension/todayextension.entitlements;
				DEVELOPMENT_TEAM = 3E2UWZ76C2;
				INFOPLIST_FILE = todayextension/Info.plist;
				IPHONEOS_DEPLOYMENT_TARGET = 8.0;
				LD_RUNPATH_SEARCH_PATHS = "$(inherited) @executable_path/Frameworks @executable_path/../../Frameworks";
				PRODUCT_BUNDLE_IDENTIFIER = com.apparentetch.nextmeal.todayextension;
				PRODUCT_NAME = "$(TARGET_NAME)";
				SKIP_INSTALL = YES;
			};
			name = Release;
		};
		28F5499C1E8E063C00937C71 /* Debug */ = {
			isa = XCBuildConfiguration;
			buildSettings = {
				ASSETCATALOG_COMPILER_APPICON_NAME = "iMessage App Icon";
				CLANG_ANALYZER_NUMBER_OBJECT_CONVERSION = YES_AGGRESSIVE;
				DEVELOPMENT_TEAM = 3E2UWZ76C2;
				INFOPLIST_FILE = imessageextension/Info.plist;
				IPHONEOS_DEPLOYMENT_TARGET = 10.3;
				LD_RUNPATH_SEARCH_PATHS = "$(inherited) @executable_path/Frameworks @executable_path/../../Frameworks";
				PRODUCT_BUNDLE_IDENTIFIER = com.apparentetch.nextmeal.imessageextension;
				PRODUCT_NAME = "$(TARGET_NAME)";
				SKIP_INSTALL = YES;
			};
			name = Debug;
		};
		28F5499D1E8E063C00937C71 /* Release */ = {
			isa = XCBuildConfiguration;
			buildSettings = {
				ASSETCATALOG_COMPILER_APPICON_NAME = "iMessage App Icon";
				CLANG_ANALYZER_NUMBER_OBJECT_CONVERSION = YES_AGGRESSIVE;
				DEVELOPMENT_TEAM = 3E2UWZ76C2;
				INFOPLIST_FILE = imessageextension/Info.plist;
				IPHONEOS_DEPLOYMENT_TARGET = 10.3;
				LD_RUNPATH_SEARCH_PATHS = "$(inherited) @executable_path/Frameworks @executable_path/../../Frameworks";
				PRODUCT_BUNDLE_IDENTIFIER = com.apparentetch.nextmeal.imessageextension;
				PRODUCT_NAME = "$(TARGET_NAME)";
				SKIP_INSTALL = YES;
			};
			name = Release;
		};
		28F9377A1E8A089000D98267 /* Debug */ = {
			isa = XCBuildConfiguration;
			buildSettings = {
				ASSETCATALOG_COMPILER_COMPLICATION_NAME = Complication;
				DEVELOPMENT_TEAM = 3E2UWZ76C2;
				INFOPLIST_FILE = "watchapp Extension/Info.plist";
				LD_RUNPATH_SEARCH_PATHS = "$(inherited) @executable_path/Frameworks @executable_path/../../Frameworks";
				PRODUCT_BUNDLE_IDENTIFIER = com.apparentetch.nextmeal.watchkitapp.watchkitextension;
				PRODUCT_NAME = "${TARGET_NAME}";
				SDKROOT = watchos;
				SKIP_INSTALL = YES;
				TARGETED_DEVICE_FAMILY = 4;
				WATCHOS_DEPLOYMENT_TARGET = 2.0;
			};
			name = Debug;
		};
		28F9377B1E8A089000D98267 /* Release */ = {
			isa = XCBuildConfiguration;
			buildSettings = {
				ASSETCATALOG_COMPILER_COMPLICATION_NAME = Complication;
				DEVELOPMENT_TEAM = 3E2UWZ76C2;
				INFOPLIST_FILE = "watchapp Extension/Info.plist";
				LD_RUNPATH_SEARCH_PATHS = "$(inherited) @executable_path/Frameworks @executable_path/../../Frameworks";
				PRODUCT_BUNDLE_IDENTIFIER = com.apparentetch.nextmeal.watchkitapp.watchkitextension;
				PRODUCT_NAME = "${TARGET_NAME}";
				SDKROOT = watchos;
				SKIP_INSTALL = YES;
				TARGETED_DEVICE_FAMILY = 4;
				WATCHOS_DEPLOYMENT_TARGET = 2.0;
			};
			name = Release;
		};
		28F9377E1E8A089000D98267 /* Debug */ = {
			isa = XCBuildConfiguration;
			buildSettings = {
				ASSETCATALOG_COMPILER_APPICON_NAME = AppIcon;
				DEVELOPMENT_TEAM = 3E2UWZ76C2;
				IBSC_MODULE = watchapp_Extension;
				INFOPLIST_FILE = watchapp/Info.plist;
				PRODUCT_BUNDLE_IDENTIFIER = com.apparentetch.nextmeal.watchkitapp;
				PRODUCT_NAME = "$(TARGET_NAME)";
				SDKROOT = watchos;
				SKIP_INSTALL = YES;
				TARGETED_DEVICE_FAMILY = 4;
				WATCHOS_DEPLOYMENT_TARGET = 2.0;
			};
			name = Debug;
		};
		28F9377F1E8A089000D98267 /* Release */ = {
			isa = XCBuildConfiguration;
			buildSettings = {
				ASSETCATALOG_COMPILER_APPICON_NAME = AppIcon;
				DEVELOPMENT_TEAM = 3E2UWZ76C2;
				IBSC_MODULE = watchapp_Extension;
				INFOPLIST_FILE = watchapp/Info.plist;
				PRODUCT_BUNDLE_IDENTIFIER = com.apparentetch.nextmeal.watchkitapp;
				PRODUCT_NAME = "$(TARGET_NAME)";
				SDKROOT = watchos;
				SKIP_INSTALL = YES;
				TARGETED_DEVICE_FAMILY = 4;
				WATCHOS_DEPLOYMENT_TARGET = 2.0;
			};
			name = Release;
		};
/* End XCBuildConfiguration section */

/* Begin XCConfigurationList section */
		285E0FA11E7236D60092A233 /* Build configuration list for PBXProject "nextmeal" */ = {
			isa = XCConfigurationList;
			buildConfigurations = (
				285E0FBE1E7236D60092A233 /* Debug */,
				285E0FBF1E7236D60092A233 /* Release */,
			);
			defaultConfigurationIsVisible = 0;
			defaultConfigurationName = Release;
		};
		285E0FC01E7236D60092A233 /* Build configuration list for PBXNativeTarget "nextmeal" */ = {
			isa = XCConfigurationList;
			buildConfigurations = (
				285E0FC11E7236D60092A233 /* Debug */,
				285E0FC21E7236D60092A233 /* Release */,
			);
			defaultConfigurationIsVisible = 0;
			defaultConfigurationName = Release;
		};
		28AC00361E8580E600D2988F /* Build configuration list for PBXNativeTarget "todayextension" */ = {
			isa = XCConfigurationList;
			buildConfigurations = (
				28AC00341E8580E600D2988F /* Debug */,
				28AC00351E8580E600D2988F /* Release */,
			);
			defaultConfigurationIsVisible = 0;
			defaultConfigurationName = Release;
		};
		28F5499B1E8E063C00937C71 /* Build configuration list for PBXNativeTarget "imessageextension" */ = {
			isa = XCConfigurationList;
			buildConfigurations = (
				28F5499C1E8E063C00937C71 /* Debug */,
				28F5499D1E8E063C00937C71 /* Release */,
			);
			defaultConfigurationIsVisible = 0;
			defaultConfigurationName = Release;
		};
		28F937791E8A089000D98267 /* Build configuration list for PBXNativeTarget "watchapp Extension" */ = {
			isa = XCConfigurationList;
			buildConfigurations = (
				28F9377A1E8A089000D98267 /* Debug */,
				28F9377B1E8A089000D98267 /* Release */,
			);
			defaultConfigurationIsVisible = 0;
			defaultConfigurationName = Release;
		};
		28F9377D1E8A089000D98267 /* Build configuration list for PBXNativeTarget "watchapp" */ = {
			isa = XCConfigurationList;
			buildConfigurations = (
				28F9377E1E8A089000D98267 /* Debug */,
				28F9377F1E8A089000D98267 /* Release */,
			);
			defaultConfigurationIsVisible = 0;
			defaultConfigurationName = Release;
		};
/* End XCConfigurationList section */
	};
	rootObject = 285E0F9E1E7236D60092A233 /* Project object */;
}
